// !$*UTF8*$!
{
	archiveVersion = 1;
	classes = {
	};
	objectVersion = 50;
	objects = {

/* Begin PBXBuildFile section */
		44172E40262531A5006AA9F9 /* AppDelegate.swift in Sources */ = {isa = PBXBuildFile; fileRef = 44172E3F262531A5006AA9F9 /* AppDelegate.swift */; };
		44172E42262531A5006AA9F9 /* SceneDelegate.swift in Sources */ = {isa = PBXBuildFile; fileRef = 44172E41262531A5006AA9F9 /* SceneDelegate.swift */; };
		44172E44262531A5006AA9F9 /* ContentView.swift in Sources */ = {isa = PBXBuildFile; fileRef = 44172E43262531A5006AA9F9 /* ContentView.swift */; };
		44172E46262531B6006AA9F9 /* Assets.xcassets in Resources */ = {isa = PBXBuildFile; fileRef = 44172E45262531B6006AA9F9 /* Assets.xcassets */; };
		44172E49262531B6006AA9F9 /* Preview Assets.xcassets in Resources */ = {isa = PBXBuildFile; fileRef = 44172E48262531B6006AA9F9 /* Preview Assets.xcassets */; };
		44172E4C262531B6006AA9F9 /* LaunchScreen.storyboard in Resources */ = {isa = PBXBuildFile; fileRef = 44172E4A262531B6006AA9F9 /* LaunchScreen.storyboard */; };
		441874C8262691D4008CD2A7 /* isiData.swift in Sources */ = {isa = PBXBuildFile; fileRef = 441874C7262691D4008CD2A7 /* isiData.swift */; };
		441874CC2626945D008CD2A7 /* DetailResep.swift in Sources */ = {isa = PBXBuildFile; fileRef = 441874CB2626945D008CD2A7 /* DetailResep.swift */; };
		441874D026269B75008CD2A7 /* UserView.swift in Sources */ = {isa = PBXBuildFile; fileRef = 441874CF26269B75008CD2A7 /* UserView.swift */; };
		445A091926267BEB0032BA9B /* Data.swift in Sources */ = {isa = PBXBuildFile; fileRef = 445A091826267BEB0032BA9B /* Data.swift */; };
		44C24B3E2627C9E0007CFEF9 /* Home.swift in Sources */ = {isa = PBXBuildFile; fileRef = 44C24B3D2627C9E0007CFEF9 /* Home.swift */; };
/* End PBXBuildFile section */

/* Begin PBXFileReference section */
		44172E3C262531A5006AA9F9 /* Resep-Resep.app */ = {isa = PBXFileReference; explicitFileType = wrapper.application; includeInIndex = 0; path = "Resep-Resep.app"; sourceTree = BUILT_PRODUCTS_DIR; };
		44172E3F262531A5006AA9F9 /* AppDelegate.swift */ = {isa = PBXFileReference; lastKnownFileType = sourcecode.swift; path = AppDelegate.swift; sourceTree = "<group>"; };
		44172E41262531A5006AA9F9 /* SceneDelegate.swift */ = {isa = PBXFileReference; lastKnownFileType = sourcecode.swift; path = SceneDelegate.swift; sourceTree = "<group>"; };
		44172E43262531A5006AA9F9 /* ContentView.swift */ = {isa = PBXFileReference; lastKnownFileType = sourcecode.swift; path = ContentView.swift; sourceTree = "<group>"; };
		44172E45262531B6006AA9F9 /* Assets.xcassets */ = {isa = PBXFileReference; lastKnownFileType = folder.assetcatalog; path = Assets.xcassets; sourceTree = "<group>"; };
		44172E48262531B6006AA9F9 /* Preview Assets.xcassets */ = {isa = PBXFileReference; lastKnownFileType = folder.assetcatalog; path = "Preview Assets.xcassets"; sourceTree = "<group>"; };
		44172E4B262531B6006AA9F9 /* Base */ = {isa = PBXFileReference; lastKnownFileType = file.storyboard; name = Base; path = Base.lproj/LaunchScreen.storyboard; sourceTree = "<group>"; };
		44172E4D262531B6006AA9F9 /* Info.plist */ = {isa = PBXFileReference; lastKnownFileType = text.plist.xml; path = Info.plist; sourceTree = "<group>"; };
		441874C7262691D4008CD2A7 /* isiData.swift */ = {isa = PBXFileReference; lastKnownFileType = sourcecode.swift; path = isiData.swift; sourceTree = "<group>"; };
		441874CB2626945D008CD2A7 /* DetailResep.swift */ = {isa = PBXFileReference; lastKnownFileType = sourcecode.swift; path = DetailResep.swift; sourceTree = "<group>"; };
		441874CF26269B75008CD2A7 /* UserView.swift */ = {isa = PBXFileReference; lastKnownFileType = sourcecode.swift; path = UserView.swift; sourceTree = "<group>"; };
		445A091826267BEB0032BA9B /* Data.swift */ = {isa = PBXFileReference; lastKnownFileType = sourcecode.swift; path = Data.swift; sourceTree = "<group>"; };
		44C24B3D2627C9E0007CFEF9 /* Home.swift */ = {isa = PBXFileReference; lastKnownFileType = sourcecode.swift; path = Home.swift; sourceTree = "<group>"; };
/* End PBXFileReference section */

/* Begin PBXFrameworksBuildPhase section */
		44172E39262531A5006AA9F9 /* Frameworks */ = {
			isa = PBXFrameworksBuildPhase;
			buildActionMask = 2147483647;
			files = (
			);
			runOnlyForDeploymentPostprocessing = 0;
		};
/* End PBXFrameworksBuildPhase section */

/* Begin PBXGroup section */
		44172E33262531A4006AA9F9 = {
			isa = PBXGroup;
			children = (
				44172E3E262531A5006AA9F9 /* Resep-Resep */,
				44172E3D262531A5006AA9F9 /* Products */,
			);
			sourceTree = "<group>";
		};
		44172E3D262531A5006AA9F9 /* Products */ = {
			isa = PBXGroup;
			children = (
				44172E3C262531A5006AA9F9 /* Resep-Resep.app */,
			);
			name = Products;
			sourceTree = "<group>";
		};
		44172E3E262531A5006AA9F9 /* Resep-Resep */ = {
			isa = PBXGroup;
			children = (
				44172E3F262531A5006AA9F9 /* AppDelegate.swift */,
				44172E41262531A5006AA9F9 /* SceneDelegate.swift */,
				44172E43262531A5006AA9F9 /* ContentView.swift */,
				445A091826267BEB0032BA9B /* Data.swift */,
				441874C7262691D4008CD2A7 /* isiData.swift */,
				441874CB2626945D008CD2A7 /* DetailResep.swift */,
				441874CF26269B75008CD2A7 /* UserView.swift */,
				44C24B3D2627C9E0007CFEF9 /* Home.swift */,
				44172E45262531B6006AA9F9 /* Assets.xcassets */,
				44172E4A262531B6006AA9F9 /* LaunchScreen.storyboard */,
				44172E4D262531B6006AA9F9 /* Info.plist */,
				44172E47262531B6006AA9F9 /* Preview Content */,
			);
			path = "Resep-Resep";
			sourceTree = "<group>";
		};
		44172E47262531B6006AA9F9 /* Preview Content */ = {
			isa = PBXGroup;
			children = (
				44172E48262531B6006AA9F9 /* Preview Assets.xcassets */,
			);
			path = "Preview Content";
			sourceTree = "<group>";
		};
/* End PBXGroup section */

/* Begin PBXNativeTarget section */
		44172E3B262531A5006AA9F9 /* Resep-Resep */ = {
			isa = PBXNativeTarget;
			buildConfigurationList = 44172E50262531B6006AA9F9 /* Build configuration list for PBXNativeTarget "Resep-Resep" */;
			buildPhases = (
				44172E38262531A5006AA9F9 /* Sources */,
				44172E39262531A5006AA9F9 /* Frameworks */,
				44172E3A262531A5006AA9F9 /* Resources */,
			);
			buildRules = (
			);
			dependencies = (
			);
			name = "Resep-Resep";
			productName = "Resep-Resep";
			productReference = 44172E3C262531A5006AA9F9 /* Resep-Resep.app */;
			productType = "com.apple.product-type.application";
		};
/* End PBXNativeTarget section */

/* Begin PBXProject section */
		44172E34262531A4006AA9F9 /* Project object */ = {
			isa = PBXProject;
			attributes = {
				LastSwiftUpdateCheck = 1240;
				LastUpgradeCheck = 1240;
				TargetAttributes = {
					44172E3B262531A5006AA9F9 = {
						CreatedOnToolsVersion = 12.4;
					};
				};
			};
			buildConfigurationList = 44172E37262531A5006AA9F9 /* Build configuration list for PBXProject "Resep-Resep" */;
			compatibilityVersion = "Xcode 9.3";
			developmentRegion = en;
			hasScannedForEncodings = 0;
			knownRegions = (
				en,
				Base,
			);
			mainGroup = 44172E33262531A4006AA9F9;
			productRefGroup = 44172E3D262531A5006AA9F9 /* Products */;
			projectDirPath = "";
			projectRoot = "";
			targets = (
				44172E3B262531A5006AA9F9 /* Resep-Resep */,
			);
		};
/* End PBXProject section */

/* Begin PBXResourcesBuildPhase section */
		44172E3A262531A5006AA9F9 /* Resources */ = {
			isa = PBXResourcesBuildPhase;
			buildActionMask = 2147483647;
			files = (
				44172E4C262531B6006AA9F9 /* LaunchScreen.storyboard in Resources */,
				44172E49262531B6006AA9F9 /* Preview Assets.xcassets in Resources */,
				44172E46262531B6006AA9F9 /* Assets.xcassets in Resources */,
			);
			runOnlyForDeploymentPostprocessing = 0;
		};
/* End PBXResourcesBuildPhase section */

/* Begin PBXSourcesBuildPhase section */
		44172E38262531A5006AA9F9 /* Sources */ = {
			isa = PBXSourcesBuildPhase;
			buildActionMask = 2147483647;
			files = (
				441874CC2626945D008CD2A7 /* DetailResep.swift in Sources */,
				441874C8262691D4008CD2A7 /* isiData.swift in Sources */,
				44C24B3E2627C9E0007CFEF9 /* Home.swift in Sources */,
				44172E40262531A5006AA9F9 /* AppDelegate.swift in Sources */,
				44172E42262531A5006AA9F9 /* SceneDelegate.swift in Sources */,
				44172E44262531A5006AA9F9 /* ContentView.swift in Sources */,
				445A091926267BEB0032BA9B /* Data.swift in Sources */,
				441874D026269B75008CD2A7 /* UserView.swift in Sources */,
			);
			runOnlyForDeploymentPostprocessing = 0;
		};
/* End PBXSourcesBuildPhase section */

/* Begin PBXVariantGroup section */
		44172E4A262531B6006AA9F9 /* LaunchScreen.storyboard */ = {
			isa = PBXVariantGroup;
			children = (
				44172E4B262531B6006AA9F9 /* Base */,
			);
			name = LaunchScreen.storyboard;
			sourceTree = "<group>";
		};
/* End PBXVariantGroup section */

/* Begin XCBuildConfiguration section */
		44172E4E262531B6006AA9F9 /* Debug */ = {
			isa = XCBuildConfiguration;
			buildSettings = {
				ALWAYS_SEARCH_USER_PATHS = NO;
				CLANG_ANALYZER_NONNULL = YES;
				CLANG_ANALYZER_NUMBER_OBJECT_CONVERSION = YES_AGGRESSIVE;
				CLANG_CXX_LANGUAGE_STANDARD = "gnu++14";
				CLANG_CXX_LIBRARY = "libc++";
				CLANG_ENABLE_MODULES = YES;
				CLANG_ENABLE_OBJC_ARC = YES;
				CLANG_ENABLE_OBJC_WEAK = YES;
				CLANG_WARN_BLOCK_CAPTURE_AUTORELEASING = YES;
				CLANG_WARN_BOOL_CONVERSION = YES;
				CLANG_WARN_COMMA = YES;
				CLANG_WARN_CONSTANT_CONVERSION = YES;
				CLANG_WARN_DEPRECATED_OBJC_IMPLEMENTATIONS = YES;
				CLANG_WARN_DIRECT_OBJC_ISA_USAGE = YES_ERROR;
				CLANG_WARN_DOCUMENTATION_COMMENTS = YES;
				CLANG_WARN_EMPTY_BODY = YES;
				CLANG_WARN_ENUM_CONVERSION = YES;
				CLANG_WARN_INFINITE_RECURSION = YES;
				CLANG_WARN_INT_CONVERSION = YES;
				CLANG_WARN_NON_LITERAL_NULL_CONVERSION = YES;
				CLANG_WARN_OBJC_IMPLICIT_RETAIN_SELF = YES;
				CLANG_WARN_OBJC_LITERAL_CONVERSION = YES;
				CLANG_WARN_OBJC_ROOT_CLASS = YES_ERROR;
				CLANG_WARN_QUOTED_INCLUDE_IN_FRAMEWORK_HEADER = YES;
				CLANG_WARN_RANGE_LOOP_ANALYSIS = YES;
				CLANG_WARN_STRICT_PROTOTYPES = YES;
				CLANG_WARN_SUSPICIOUS_MOVE = YES;
				CLANG_WARN_UNGUARDED_AVAILABILITY = YES_AGGRESSIVE;
				CLANG_WARN_UNREACHABLE_CODE = YES;
				CLANG_WARN__DUPLICATE_METHOD_MATCH = YES;
				COPY_PHASE_STRIP = NO;
				DEBUG_INFORMATION_FORMAT = dwarf;
				ENABLE_STRICT_OBJC_MSGSEND = YES;
				ENABLE_TESTABILITY = YES;
				GCC_C_LANGUAGE_STANDARD = gnu11;
				GCC_DYNAMIC_NO_PIC = NO;
				GCC_NO_COMMON_BLOCKS = YES;
				GCC_OPTIMIZATION_LEVEL = 0;
				GCC_PREPROCESSOR_DEFINITIONS = (
					"DEBUG=1",
					"$(inherited)",
				);
				GCC_WARN_64_TO_32_BIT_CONVERSION = YES;
				GCC_WARN_ABOUT_RETURN_TYPE = YES_ERROR;
				GCC_WARN_UNDECLARED_SELECTOR = YES;
				GCC_WARN_UNINITIALIZED_AUTOS = YES_AGGRESSIVE;
				GCC_WARN_UNUSED_FUNCTION = YES;
				GCC_WARN_UNUSED_VARIABLE = YES;
				IPHONEOS_DEPLOYMENT_TARGET = 14.4;
				MTL_ENABLE_DEBUG_INFO = INCLUDE_SOURCE;
				MTL_FAST_MATH = YES;
				ONLY_ACTIVE_ARCH = YES;
				SDKROOT = iphoneos;
				SWIFT_ACTIVE_COMPILATION_CONDITIONS = DEBUG;
				SWIFT_OPTIMIZATION_LEVEL = "-Onone";
			};
			name = Debug;
		};
		44172E4F262531B6006AA9F9 /* Release */ = {
			isa = XCBuildConfiguration;
			buildSettings = {
				ALWAYS_SEARCH_USER_PATHS = NO;
				CLANG_ANALYZER_NONNULL = YES;
				CLANG_ANALYZER_NUMBER_OBJECT_CONVERSION = YES_AGGRESSIVE;
				CLANG_CXX_LANGUAGE_STANDARD = "gnu++14";
				CLANG_CXX_LIBRARY = "libc++";
				CLANG_ENABLE_MODULES = YES;
				CLANG_ENABLE_OBJC_ARC = YES;
				CLANG_ENABLE_OBJC_WEAK = YES;
				CLANG_WARN_BLOCK_CAPTURE_AUTORELEASING = YES;
				CLANG_WARN_BOOL_CONVERSION = YES;
				CLANG_WARN_COMMA = YES;
				CLANG_WARN_CONSTANT_CONVERSION = YES;
				CLANG_WARN_DEPRECATED_OBJC_IMPLEMENTATIONS = YES;
				CLANG_WARN_DIRECT_OBJC_ISA_USAGE = YES_ERROR;
				CLANG_WARN_DOCUMENTATION_COMMENTS = YES;
				CLANG_WARN_EMPTY_BODY = YES;
				CLANG_WARN_ENUM_CONVERSION = YES;
				CLANG_WARN_INFINITE_RECURSION = YES;
				CLANG_WARN_INT_CONVERSION = YES;
				CLANG_WARN_NON_LITERAL_NULL_CONVERSION = YES;
				CLANG_WARN_OBJC_IMPLICIT_RETAIN_SELF = YES;
				CLANG_WARN_OBJC_LITERAL_CONVERSION = YES;
				CLANG_WARN_OBJC_ROOT_CLASS = YES_ERROR;
				CLANG_WARN_QUOTED_INCLUDE_IN_FRAMEWORK_HEADER = YES;
				CLANG_WARN_RANGE_LOOP_ANALYSIS = YES;
				CLANG_WARN_STRICT_PROTOTYPES = YES;
				CLANG_WARN_SUSPICIOUS_MOVE = YES;
				CLANG_WARN_UNGUARDED_AVAILABILITY = YES_AGGRESSIVE;
				CLANG_WARN_UNREACHABLE_CODE = YES;
				CLANG_WARN__DUPLICATE_METHOD_MATCH = YES;
				COPY_PHASE_STRIP = NO;
				DEBUG_INFORMATION_FORMAT = "dwarf-with-dsym";
				ENABLE_NS_ASSERTIONS = NO;
				ENABLE_STRICT_OBJC_MSGSEND = YES;
				GCC_C_LANGUAGE_STANDARD = gnu11;
				GCC_NO_COMMON_BLOCKS = YES;
				GCC_WARN_64_TO_32_BIT_CONVERSION = YES;
				GCC_WARN_ABOUT_RETURN_TYPE = YES_ERROR;
				GCC_WARN_UNDECLARED_SELECTOR = YES;
				GCC_WARN_UNINITIALIZED_AUTOS = YES_AGGRESSIVE;
				GCC_WARN_UNUSED_FUNCTION = YES;
				GCC_WARN_UNUSED_VARIABLE = YES;
				IPHONEOS_DEPLOYMENT_TARGET = 14.4;
				MTL_ENABLE_DEBUG_INFO = NO;
				MTL_FAST_MATH = YES;
				SDKROOT = iphoneos;
				SWIFT_COMPILATION_MODE = wholemodule;
				SWIFT_OPTIMIZATION_LEVEL = "-O";
				VALIDATE_PRODUCT = YES;
			};
			name = Release;
		};
		44172E51262531B6006AA9F9 /* Debug */ = {
			isa = XCBuildConfiguration;
			buildSettings = {
				ASSETCATALOG_COMPILER_APPICON_NAME = AppIcon;
				ASSETCATALOG_COMPILER_GLOBAL_ACCENT_COLOR_NAME = AccentColor;
				CODE_SIGN_STYLE = Automatic;
				DEVELOPMENT_ASSET_PATHS = "\"Resep-Resep/Preview Content\"";
				DEVELOPMENT_TEAM = Z2Q6HL9NUB;
				ENABLE_PREVIEWS = YES;
				INFOPLIST_FILE = "Resep-Resep/Info.plist";
				LD_RUNPATH_SEARCH_PATHS = (
					"$(inherited)",
					"@executable_path/Frameworks",
				);
				PRODUCT_BUNDLE_IDENTIFIER = "Luthv.co.Resep-Resep";
				PRODUCT_NAME = "$(TARGET_NAME)";
				SWIFT_VERSION = 5.0;
				TARGETED_DEVICE_FAMILY = "1,2";
			};
			name = Debug;
		};
		44172E52262531B6006AA9F9 /* Release */ = {
			isa = XCBuildConfiguration;
			buildSettings = {
				ASSETCATALOG_COMPILER_APPICON_NAME = AppIcon;
				ASSETCATALOG_COMPILER_GLOBAL_ACCENT_COLOR_NAME = AccentColor;
				CODE_SIGN_STYLE = Automatic;
				DEVELOPMENT_ASSET_PATHS = "\"Resep-Resep/Preview Content\"";
				DEVELOPMENT_TEAM = Z2Q6HL9NUB;
				ENABLE_PREVIEWS = YES;
				INFOPLIST_FILE = "Resep-Resep/Info.plist";
				LD_RUNPATH_SEARCH_PATHS = (
					"$(inherited)",
					"@executable_path/Frameworks",
				);
				PRODUCT_BUNDLE_IDENTIFIER = "Luthv.co.Resep-Resep";
				PRODUCT_NAME = "$(TARGET_NAME)";
				SWIFT_VERSION = 5.0;
				TARGETED_DEVICE_FAMILY = "1,2";
			};
			name = Release;
		};
/* End XCBuildConfiguration section */

/* Begin XCConfigurationList section */
		44172E37262531A5006AA9F9 /* Build configuration list for PBXProject "Resep-Resep" */ = {
			isa = XCConfigurationList;
			buildConfigurations = (
				44172E4E262531B6006AA9F9 /* Debug */,
				44172E4F262531B6006AA9F9 /* Release */,
			);
			defaultConfigurationIsVisible = 0;
			defaultConfigurationName = Release;
		};
		44172E50262531B6006AA9F9 /* Build configuration list for PBXNativeTarget "Resep-Resep" */ = {
			isa = XCConfigurationList;
			buildConfigurations = (
				44172E51262531B6006AA9F9 /* Debug */,
				44172E52262531B6006AA9F9 /* Release */,
			);
			defaultConfigurationIsVisible = 0;
			defaultConfigurationName = Release;
		};
/* End XCConfigurationList section */
	};
	rootObject = 44172E34262531A4006AA9F9 /* Project object */;
}
